
Microsoft Visual Studio Solution File, Format Version 10.00
# Visual Studio 2008
Project("{8BC9CEB8-8B4A-11D0-8D11-00A0C91BC942}") = "Queue1", "Queue1\Queue1.vcproj", "{74EAD741-B574-4CF2-A75E-AF11F8081CCB}"
EndProject
Global
	GlobalSection(SolutionConfigurationPlatforms) = preSolution
		Debug|Win32 = Debug|Win32
		Release|Win32 = Release|Win32
	EndGlobalSection
	GlobalSection(ProjectConfigurationPlatforms) = postSolution
		{74EAD741-B574-4CF2-A75E-AF11F8081CCB}.Debug|Win32.ActiveCfg = Debug|Win32
		{74EAD741-B574-4CF2-A75E-AF11F8081CCB}.Debug|Win32.Build.0 = Debug|Win32
		{74EAD741-B574-4CF2-A75E-AF11F8081CCB}.Release|Win32.ActiveCfg = Release|Win32
		{74EAD741-B574-4CF2-A75E-AF11F8081CCB}.Release|Win32.Build.0 = Release|Win32
	EndGlobalSection
	GlobalSection(SolutionProperties) = preSolution
		HideSolutionNode = FALSE
	EndGlobalSection
EndGlobal
